
Microsoft Visual Studio Solution File, Format Version 12.00
# Visual Studio Version 16
VisualStudioVersion = 16.0.29123.88
MinimumVisualStudioVersion = 10.0.40219.1
Project("{FAE04EC0-301F-11D3-BF4B-00C04F79EFBC}") = "GitProject", "GitProject.csproj", "{2E1000F1-C492-44E4-9BD0-B1D8657C139D}"
EndProject
Global
	GlobalSection(SolutionConfigurationPlatforms) = preSolution
		Debug|Any CPU = Debug|Any CPU
		Release|Any CPU = Release|Any CPU
	EndGlobalSection
	GlobalSection(ProjectConfigurationPlatforms) = postSolution
		{2E1000F1-C492-44E4-9BD0-B1D8657C139D}.Debug|Any CPU.ActiveCfg = Debug|Any CPU
		{2E1000F1-C492-44E4-9BD0-B1D8657C139D}.Debug|Any CPU.Build.0 = Debug|Any CPU
		{2E1000F1-C492-44E4-9BD0-B1D8657C139D}.Release|Any CPU.ActiveCfg = Release|Any CPU
		{2E1000F1-C492-44E4-9BD0-B1D8657C139D}.Release|Any CPU.Build.0 = Release|Any CPU
	EndGlobalSection
	GlobalSection(SolutionProperties) = preSolution
		HideSolutionNode = FALSE
	EndGlobalSection
	GlobalSection(ExtensibilityGlobals) = postSolution
		SolutionGuid = {DE47220D-8810-4DC5-BA07-90164874B6C3}
	EndGlobalSection
EndGlobal
